// !$*UTF8*$!
{
	archiveVersion = 1;
	classes = {
	};
	objectVersion = 54;
	objects = {

/* Begin PBXBuildFile section */
		3AB00BFB54CE5E2CCDC94177 /* Pods_WoosmapProvider_Apple.framework in Frameworks */ = {isa = PBXBuildFile; fileRef = 13C3C0BF8A019B6303E34487 /* Pods_WoosmapProvider_Apple.framework */; };
		4AC1FD679F7B75B0BF7050F9 /* Pods_WoosmapProvider_Situm.framework in Frameworks */ = {isa = PBXBuildFile; fileRef = 9AFF6A60C2A257C63B4F3123 /* Pods_WoosmapProvider_Situm.framework */; };
		5F56199F290A52600007BFCB /* AppDelegate.swift in Sources */ = {isa = PBXBuildFile; fileRef = 5F56199E290A52600007BFCB /* AppDelegate.swift */; };
		5F5619A1290A52600007BFCB /* SceneDelegate.swift in Sources */ = {isa = PBXBuildFile; fileRef = 5F5619A0290A52600007BFCB /* SceneDelegate.swift */; };
		5F5619A3290A52600007BFCB /* ViewController.swift in Sources */ = {isa = PBXBuildFile; fileRef = 5F5619A2290A52600007BFCB /* ViewController.swift */; };
		5F5619A6290A52600007BFCB /* Main.storyboard in Resources */ = {isa = PBXBuildFile; fileRef = 5F5619A4290A52600007BFCB /* Main.storyboard */; };
		5F5619A8290A52610007BFCB /* Assets.xcassets in Resources */ = {isa = PBXBuildFile; fileRef = 5F5619A7290A52610007BFCB /* Assets.xcassets */; };
		5F5619AB290A52610007BFCB /* LaunchScreen.storyboard in Resources */ = {isa = PBXBuildFile; fileRef = 5F5619A9290A52610007BFCB /* LaunchScreen.storyboard */; };
		5F5619B3290A53230007BFCB /* WoosmapLocationManager.swift in Sources */ = {isa = PBXBuildFile; fileRef = 5F5619B2290A53230007BFCB /* WoosmapLocationManager.swift */; };
		5F5619C0290A67970007BFCB /* WoosmapProvider_Apple.docc in Sources */ = {isa = PBXBuildFile; fileRef = 5F5619BF290A67970007BFCB /* WoosmapProvider_Apple.docc */; };
		5F5619CE290A67980007BFCB /* WoosmapProvider_Apple.h in Headers */ = {isa = PBXBuildFile; fileRef = 5F5619BE290A67970007BFCB /* WoosmapProvider_Apple.h */; settings = {ATTRIBUTES = (Public, ); }; };
		5F5619D1290A67980007BFCB /* WoosmapProvider_Apple.framework in Frameworks */ = {isa = PBXBuildFile; fileRef = 5F5619BC290A67970007BFCB /* WoosmapProvider_Apple.framework */; };
		5F5619D2290A67980007BFCB /* WoosmapProvider_Apple.framework in Embed Frameworks */ = {isa = PBXBuildFile; fileRef = 5F5619BC290A67970007BFCB /* WoosmapProvider_Apple.framework */; settings = {ATTRIBUTES = (CodeSignOnCopy, RemoveHeadersOnCopy, ); }; };
		5F5619DA290A67E10007BFCB /* AppleLocationProvider.swift in Sources */ = {isa = PBXBuildFile; fileRef = 5F5619B5290A56D60007BFCB /* AppleLocationProvider.swift */; };
		5F8B022D290BD9C0005CD842 /* WoosmapProvider_Situm.docc in Sources */ = {isa = PBXBuildFile; fileRef = 5F8B022C290BD9C0005CD842 /* WoosmapProvider_Situm.docc */; };
		5F8B022E290BD9C0005CD842 /* WoosmapProvider_Situm.h in Headers */ = {isa = PBXBuildFile; fileRef = 5F8B022B290BD9C0005CD842 /* WoosmapProvider_Situm.h */; settings = {ATTRIBUTES = (Public, ); }; };
		5F8B0231290BD9C0005CD842 /* WoosmapProvider_Situm.framework in Frameworks */ = {isa = PBXBuildFile; fileRef = 5F8B0229290BD9C0005CD842 /* WoosmapProvider_Situm.framework */; };
		5F8B0232290BD9C0005CD842 /* WoosmapProvider_Situm.framework in Embed Frameworks */ = {isa = PBXBuildFile; fileRef = 5F8B0229290BD9C0005CD842 /* WoosmapProvider_Situm.framework */; settings = {ATTRIBUTES = (CodeSignOnCopy, RemoveHeadersOnCopy, ); }; };
		5F8B0237290BD9EC005CD842 /* SitumLocationProvider.swift in Sources */ = {isa = PBXBuildFile; fileRef = 5F8B0236290BD9EC005CD842 /* SitumLocationProvider.swift */; };
		5F8B0239290BEBB2005CD842 /* LocationChecker.swift in Sources */ = {isa = PBXBuildFile; fileRef = 5F8B0238290BEBB2005CD842 /* LocationChecker.swift */; };
		624CFE94AC93B3FDA035A102 /* Pods_Woosmap_Location.framework in Frameworks */ = {isa = PBXBuildFile; fileRef = 389FF70AF01C85D4976CAF33 /* Pods_Woosmap_Location.framework */; };
/* End PBXBuildFile section */

/* Begin PBXContainerItemProxy section */
		5F5619CF290A67980007BFCB /* PBXContainerItemProxy */ = {
			isa = PBXContainerItemProxy;
			containerPortal = 5F561993290A52600007BFCB /* Project object */;
			proxyType = 1;
			remoteGlobalIDString = 5F5619BB290A67970007BFCB;
			remoteInfo = "WoosmapProvider-Apple";
		};
		5F8B022F290BD9C0005CD842 /* PBXContainerItemProxy */ = {
			isa = PBXContainerItemProxy;
			containerPortal = 5F561993290A52600007BFCB /* Project object */;
			proxyType = 1;
			remoteGlobalIDString = 5F8B0228290BD9C0005CD842;
			remoteInfo = "WoosmapProvider-Situm";
		};
/* End PBXContainerItemProxy section */

/* Begin PBXCopyFilesBuildPhase section */
		5F5619D6290A67980007BFCB /* Embed Frameworks */ = {
			isa = PBXCopyFilesBuildPhase;
			buildActionMask = 2147483647;
			dstPath = "";
			dstSubfolderSpec = 10;
			files = (
				5F5619D2290A67980007BFCB /* WoosmapProvider_Apple.framework in Embed Frameworks */,
				5F8B0232290BD9C0005CD842 /* WoosmapProvider_Situm.framework in Embed Frameworks */,
			);
			name = "Embed Frameworks";
			runOnlyForDeploymentPostprocessing = 0;
		};
/* End PBXCopyFilesBuildPhase section */

/* Begin PBXFileReference section */
		13C3C0BF8A019B6303E34487 /* Pods_WoosmapProvider_Apple.framework */ = {isa = PBXFileReference; explicitFileType = wrapper.framework; includeInIndex = 0; path = Pods_WoosmapProvider_Apple.framework; sourceTree = BUILT_PRODUCTS_DIR; };
		27B36A20B9B8F36FC8ED3F76 /* Pods-WoosmapProvider-Situm.release.xcconfig */ = {isa = PBXFileReference; includeInIndex = 1; lastKnownFileType = text.xcconfig; name = "Pods-WoosmapProvider-Situm.release.xcconfig"; path = "Target Support Files/Pods-WoosmapProvider-Situm/Pods-WoosmapProvider-Situm.release.xcconfig"; sourceTree = "<group>"; };
		35BCB63BC6158E20DC163925 /* Pods-WoosmapProvider-Apple.release.xcconfig */ = {isa = PBXFileReference; includeInIndex = 1; lastKnownFileType = text.xcconfig; name = "Pods-WoosmapProvider-Apple.release.xcconfig"; path = "Target Support Files/Pods-WoosmapProvider-Apple/Pods-WoosmapProvider-Apple.release.xcconfig"; sourceTree = "<group>"; };
		389FF70AF01C85D4976CAF33 /* Pods_Woosmap_Location.framework */ = {isa = PBXFileReference; explicitFileType = wrapper.framework; includeInIndex = 0; path = Pods_Woosmap_Location.framework; sourceTree = BUILT_PRODUCTS_DIR; };
		5F56199B290A52600007BFCB /* Woosmap Location.app */ = {isa = PBXFileReference; explicitFileType = wrapper.application; includeInIndex = 0; path = "Woosmap Location.app"; sourceTree = BUILT_PRODUCTS_DIR; };
		5F56199E290A52600007BFCB /* AppDelegate.swift */ = {isa = PBXFileReference; lastKnownFileType = sourcecode.swift; path = AppDelegate.swift; sourceTree = "<group>"; };
		5F5619A0290A52600007BFCB /* SceneDelegate.swift */ = {isa = PBXFileReference; lastKnownFileType = sourcecode.swift; path = SceneDelegate.swift; sourceTree = "<group>"; };
		5F5619A2290A52600007BFCB /* ViewController.swift */ = {isa = PBXFileReference; lastKnownFileType = sourcecode.swift; path = ViewController.swift; sourceTree = "<group>"; };
		5F5619A5290A52600007BFCB /* Base */ = {isa = PBXFileReference; lastKnownFileType = file.storyboard; name = Base; path = Base.lproj/Main.storyboard; sourceTree = "<group>"; };
		5F5619A7290A52610007BFCB /* Assets.xcassets */ = {isa = PBXFileReference; lastKnownFileType = folder.assetcatalog; path = Assets.xcassets; sourceTree = "<group>"; };
		5F5619AA290A52610007BFCB /* Base */ = {isa = PBXFileReference; lastKnownFileType = file.storyboard; name = Base; path = Base.lproj/LaunchScreen.storyboard; sourceTree = "<group>"; };
		5F5619AC290A52610007BFCB /* Info.plist */ = {isa = PBXFileReference; lastKnownFileType = text.plist.xml; path = Info.plist; sourceTree = "<group>"; };
		5F5619B2290A53230007BFCB /* WoosmapLocationManager.swift */ = {isa = PBXFileReference; lastKnownFileType = sourcecode.swift; path = WoosmapLocationManager.swift; sourceTree = "<group>"; };
		5F5619B5290A56D60007BFCB /* AppleLocationProvider.swift */ = {isa = PBXFileReference; lastKnownFileType = sourcecode.swift; path = AppleLocationProvider.swift; sourceTree = "<group>"; };
		5F5619BC290A67970007BFCB /* WoosmapProvider_Apple.framework */ = {isa = PBXFileReference; explicitFileType = wrapper.framework; includeInIndex = 0; path = WoosmapProvider_Apple.framework; sourceTree = BUILT_PRODUCTS_DIR; };
		5F5619BE290A67970007BFCB /* WoosmapProvider_Apple.h */ = {isa = PBXFileReference; lastKnownFileType = sourcecode.c.h; path = WoosmapProvider_Apple.h; sourceTree = "<group>"; };
		5F5619BF290A67970007BFCB /* WoosmapProvider_Apple.docc */ = {isa = PBXFileReference; lastKnownFileType = folder.documentationcatalog; path = WoosmapProvider_Apple.docc; sourceTree = "<group>"; };
		5F8B0229290BD9C0005CD842 /* WoosmapProvider_Situm.framework */ = {isa = PBXFileReference; explicitFileType = wrapper.framework; includeInIndex = 0; path = WoosmapProvider_Situm.framework; sourceTree = BUILT_PRODUCTS_DIR; };
		5F8B022B290BD9C0005CD842 /* WoosmapProvider_Situm.h */ = {isa = PBXFileReference; lastKnownFileType = sourcecode.c.h; path = WoosmapProvider_Situm.h; sourceTree = "<group>"; };
		5F8B022C290BD9C0005CD842 /* WoosmapProvider_Situm.docc */ = {isa = PBXFileReference; lastKnownFileType = folder.documentationcatalog; path = WoosmapProvider_Situm.docc; sourceTree = "<group>"; };
		5F8B0236290BD9EC005CD842 /* SitumLocationProvider.swift */ = {isa = PBXFileReference; lastKnownFileType = sourcecode.swift; path = SitumLocationProvider.swift; sourceTree = "<group>"; };
		5F8B0238290BEBB2005CD842 /* LocationChecker.swift */ = {isa = PBXFileReference; lastKnownFileType = sourcecode.swift; path = LocationChecker.swift; sourceTree = "<group>"; };
		711FA29264DEFFB2E1CB8664 /* Pods-WoosmapProvider-Apple.debug.xcconfig */ = {isa = PBXFileReference; includeInIndex = 1; lastKnownFileType = text.xcconfig; name = "Pods-WoosmapProvider-Apple.debug.xcconfig"; path = "Target Support Files/Pods-WoosmapProvider-Apple/Pods-WoosmapProvider-Apple.debug.xcconfig"; sourceTree = "<group>"; };
		86EE2725AA52604605D24A8A /* Pods-WoosmapProvider-Situm.debug.xcconfig */ = {isa = PBXFileReference; includeInIndex = 1; lastKnownFileType = text.xcconfig; name = "Pods-WoosmapProvider-Situm.debug.xcconfig"; path = "Target Support Files/Pods-WoosmapProvider-Situm/Pods-WoosmapProvider-Situm.debug.xcconfig"; sourceTree = "<group>"; };
		8A31FA047255ACA00348847A /* Pods-Woosmap Location.debug.xcconfig */ = {isa = PBXFileReference; includeInIndex = 1; lastKnownFileType = text.xcconfig; name = "Pods-Woosmap Location.debug.xcconfig"; path = "Target Support Files/Pods-Woosmap Location/Pods-Woosmap Location.debug.xcconfig"; sourceTree = "<group>"; };
		9AFF6A60C2A257C63B4F3123 /* Pods_WoosmapProvider_Situm.framework */ = {isa = PBXFileReference; explicitFileType = wrapper.framework; includeInIndex = 0; path = Pods_WoosmapProvider_Situm.framework; sourceTree = BUILT_PRODUCTS_DIR; };
		CA5A9AD96F2EBF35153A0AA6 /* Pods-Woosmap Location.release.xcconfig */ = {isa = PBXFileReference; includeInIndex = 1; lastKnownFileType = text.xcconfig; name = "Pods-Woosmap Location.release.xcconfig"; path = "Target Support Files/Pods-Woosmap Location/Pods-Woosmap Location.release.xcconfig"; sourceTree = "<group>"; };
/* End PBXFileReference section */

/* Begin PBXFrameworksBuildPhase section */
		5F561998290A52600007BFCB /* Frameworks */ = {
			isa = PBXFrameworksBuildPhase;
			buildActionMask = 2147483647;
			files = (
				5F5619D1290A67980007BFCB /* WoosmapProvider_Apple.framework in Frameworks */,
				5F8B0231290BD9C0005CD842 /* WoosmapProvider_Situm.framework in Frameworks */,
				624CFE94AC93B3FDA035A102 /* Pods_Woosmap_Location.framework in Frameworks */,
			);
			runOnlyForDeploymentPostprocessing = 0;
		};
		5F5619B9290A67970007BFCB /* Frameworks */ = {
			isa = PBXFrameworksBuildPhase;
			buildActionMask = 2147483647;
			files = (
				3AB00BFB54CE5E2CCDC94177 /* Pods_WoosmapProvider_Apple.framework in Frameworks */,
			);
			runOnlyForDeploymentPostprocessing = 0;
		};
		5F8B0226290BD9C0005CD842 /* Frameworks */ = {
			isa = PBXFrameworksBuildPhase;
			buildActionMask = 2147483647;
			files = (
				4AC1FD679F7B75B0BF7050F9 /* Pods_WoosmapProvider_Situm.framework in Frameworks */,
			);
			runOnlyForDeploymentPostprocessing = 0;
		};
/* End PBXFrameworksBuildPhase section */

/* Begin PBXGroup section */
		5F561992290A52600007BFCB = {
			isa = PBXGroup;
			children = (
				5F56199D290A52600007BFCB /* Woosmap Location */,
				5F5619BD290A67970007BFCB /* WoosmapProvider-Apple */,
				5F8B022A290BD9C0005CD842 /* WoosmapProvider-Situm */,
				5F56199C290A52600007BFCB /* Products */,
				98D15A4D419A4D64F2439FF7 /* Pods */,
				96946CB8C2EB80A910919877 /* Frameworks */,
			);
			sourceTree = "<group>";
		};
		5F56199C290A52600007BFCB /* Products */ = {
			isa = PBXGroup;
			children = (
				5F56199B290A52600007BFCB /* Woosmap Location.app */,
				5F5619BC290A67970007BFCB /* WoosmapProvider_Apple.framework */,
				5F8B0229290BD9C0005CD842 /* WoosmapProvider_Situm.framework */,
			);
			name = Products;
			sourceTree = "<group>";
		};
		5F56199D290A52600007BFCB /* Woosmap Location */ = {
			isa = PBXGroup;
			children = (
				5F56199E290A52600007BFCB /* AppDelegate.swift */,
				5F5619A0290A52600007BFCB /* SceneDelegate.swift */,
				5F5619A2290A52600007BFCB /* ViewController.swift */,
				5F5619A4290A52600007BFCB /* Main.storyboard */,
				5F5619A7290A52610007BFCB /* Assets.xcassets */,
				5F5619A9290A52610007BFCB /* LaunchScreen.storyboard */,
				5F5619AC290A52610007BFCB /* Info.plist */,
				5F5619B2290A53230007BFCB /* WoosmapLocationManager.swift */,
			);
			path = "Woosmap Location";
			sourceTree = "<group>";
		};
		5F5619BD290A67970007BFCB /* WoosmapProvider-Apple */ = {
			isa = PBXGroup;
			children = (
				5F5619B5290A56D60007BFCB /* AppleLocationProvider.swift */,
				5F5619BE290A67970007BFCB /* WoosmapProvider_Apple.h */,
				5F5619BF290A67970007BFCB /* WoosmapProvider_Apple.docc */,
			);
			path = "WoosmapProvider-Apple";
			sourceTree = "<group>";
		};
		5F8B022A290BD9C0005CD842 /* WoosmapProvider-Situm */ = {
			isa = PBXGroup;
			children = (
				5F8B022B290BD9C0005CD842 /* WoosmapProvider_Situm.h */,
				5F8B022C290BD9C0005CD842 /* WoosmapProvider_Situm.docc */,
				5F8B0236290BD9EC005CD842 /* SitumLocationProvider.swift */,
				5F8B0238290BEBB2005CD842 /* LocationChecker.swift */,
			);
			path = "WoosmapProvider-Situm";
			sourceTree = "<group>";
		};
		96946CB8C2EB80A910919877 /* Frameworks */ = {
			isa = PBXGroup;
			children = (
				389FF70AF01C85D4976CAF33 /* Pods_Woosmap_Location.framework */,
				13C3C0BF8A019B6303E34487 /* Pods_WoosmapProvider_Apple.framework */,
				9AFF6A60C2A257C63B4F3123 /* Pods_WoosmapProvider_Situm.framework */,
			);
			name = Frameworks;
			sourceTree = "<group>";
		};
		98D15A4D419A4D64F2439FF7 /* Pods */ = {
			isa = PBXGroup;
			children = (
				8A31FA047255ACA00348847A /* Pods-Woosmap Location.debug.xcconfig */,
				CA5A9AD96F2EBF35153A0AA6 /* Pods-Woosmap Location.release.xcconfig */,
				711FA29264DEFFB2E1CB8664 /* Pods-WoosmapProvider-Apple.debug.xcconfig */,
				35BCB63BC6158E20DC163925 /* Pods-WoosmapProvider-Apple.release.xcconfig */,
				86EE2725AA52604605D24A8A /* Pods-WoosmapProvider-Situm.debug.xcconfig */,
				27B36A20B9B8F36FC8ED3F76 /* Pods-WoosmapProvider-Situm.release.xcconfig */,
			);
			path = Pods;
			sourceTree = "<group>";
		};
/* End PBXGroup section */

/* Begin PBXHeadersBuildPhase section */
		5F5619B7290A67970007BFCB /* Headers */ = {
			isa = PBXHeadersBuildPhase;
			buildActionMask = 2147483647;
			files = (
				5F5619CE290A67980007BFCB /* WoosmapProvider_Apple.h in Headers */,
			);
			runOnlyForDeploymentPostprocessing = 0;
		};
		5F8B0224290BD9C0005CD842 /* Headers */ = {
			isa = PBXHeadersBuildPhase;
			buildActionMask = 2147483647;
			files = (
				5F8B022E290BD9C0005CD842 /* WoosmapProvider_Situm.h in Headers */,
			);
			runOnlyForDeploymentPostprocessing = 0;
		};
/* End PBXHeadersBuildPhase section */

/* Begin PBXNativeTarget section */
		5F56199A290A52600007BFCB /* Woosmap Location */ = {
			isa = PBXNativeTarget;
			buildConfigurationList = 5F5619AF290A52610007BFCB /* Build configuration list for PBXNativeTarget "Woosmap Location" */;
			buildPhases = (
				168900EA1A155D54315BA217 /* [CP] Check Pods Manifest.lock */,
				5F561997290A52600007BFCB /* Sources */,
				5F561998290A52600007BFCB /* Frameworks */,
				5F561999290A52600007BFCB /* Resources */,
				5F5619D6290A67980007BFCB /* Embed Frameworks */,
				0A21531150914ACA204FDB2C /* [CP] Embed Pods Frameworks */,
			);
			buildRules = (
			);
			dependencies = (
				5F5619D0290A67980007BFCB /* PBXTargetDependency */,
				5F8B0230290BD9C0005CD842 /* PBXTargetDependency */,
			);
			name = "Woosmap Location";
			productName = "Woosmap Location";
			productReference = 5F56199B290A52600007BFCB /* Woosmap Location.app */;
			productType = "com.apple.product-type.application";
		};
		5F5619BB290A67970007BFCB /* WoosmapProvider-Apple */ = {
			isa = PBXNativeTarget;
			buildConfigurationList = 5F5619D3290A67980007BFCB /* Build configuration list for PBXNativeTarget "WoosmapProvider-Apple" */;
			buildPhases = (
				B943A4440C7182D6DF2DD60B /* [CP] Check Pods Manifest.lock */,
				5F5619B7290A67970007BFCB /* Headers */,
				5F5619B8290A67970007BFCB /* Sources */,
				5F5619B9290A67970007BFCB /* Frameworks */,
				5F5619BA290A67970007BFCB /* Resources */,
			);
			buildRules = (
			);
			dependencies = (
			);
			name = "WoosmapProvider-Apple";
			productName = "WoosmapProvider-Apple";
			productReference = 5F5619BC290A67970007BFCB /* WoosmapProvider_Apple.framework */;
			productType = "com.apple.product-type.framework";
		};
		5F8B0228290BD9C0005CD842 /* WoosmapProvider-Situm */ = {
			isa = PBXNativeTarget;
			buildConfigurationList = 5F8B0235290BD9C0005CD842 /* Build configuration list for PBXNativeTarget "WoosmapProvider-Situm" */;
			buildPhases = (
				D77DF8249213A14E6019AD49 /* [CP] Check Pods Manifest.lock */,
				5F8B0224290BD9C0005CD842 /* Headers */,
				5F8B0225290BD9C0005CD842 /* Sources */,
				5F8B0226290BD9C0005CD842 /* Frameworks */,
				5F8B0227290BD9C0005CD842 /* Resources */,
			);
			buildRules = (
			);
			dependencies = (
			);
			name = "WoosmapProvider-Situm";
			productName = "WoosmapProvider-Situm";
			productReference = 5F8B0229290BD9C0005CD842 /* WoosmapProvider_Situm.framework */;
			productType = "com.apple.product-type.framework";
		};
/* End PBXNativeTarget section */

/* Begin PBXProject section */
		5F561993290A52600007BFCB /* Project object */ = {
			isa = PBXProject;
			attributes = {
				BuildIndependentTargetsInParallel = 1;
				LastSwiftUpdateCheck = 1400;
				LastUpgradeCheck = 1400;
				TargetAttributes = {
					5F56199A290A52600007BFCB = {
						CreatedOnToolsVersion = 14.0.1;
					};
					5F5619BB290A67970007BFCB = {
						CreatedOnToolsVersion = 14.0.1;
					};
					5F8B0228290BD9C0005CD842 = {
						CreatedOnToolsVersion = 14.0.1;
					};
				};
			};
			buildConfigurationList = 5F561996290A52600007BFCB /* Build configuration list for PBXProject "Woosmap Location" */;
			compatibilityVersion = "Xcode 12.0";
			developmentRegion = en;
			hasScannedForEncodings = 0;
			knownRegions = (
				en,
				Base,
			);
			mainGroup = 5F561992290A52600007BFCB;
			productRefGroup = 5F56199C290A52600007BFCB /* Products */;
			projectDirPath = "";
			projectRoot = "";
			targets = (
				5F56199A290A52600007BFCB /* Woosmap Location */,
				5F5619BB290A67970007BFCB /* WoosmapProvider-Apple */,
				5F8B0228290BD9C0005CD842 /* WoosmapProvider-Situm */,
			);
		};
/* End PBXProject section */

/* Begin PBXResourcesBuildPhase section */
		5F561999290A52600007BFCB /* Resources */ = {
			isa = PBXResourcesBuildPhase;
			buildActionMask = 2147483647;
			files = (
				5F5619AB290A52610007BFCB /* LaunchScreen.storyboard in Resources */,
				5F5619A8290A52610007BFCB /* Assets.xcassets in Resources */,
				5F5619A6290A52600007BFCB /* Main.storyboard in Resources */,
			);
			runOnlyForDeploymentPostprocessing = 0;
		};
		5F5619BA290A67970007BFCB /* Resources */ = {
			isa = PBXResourcesBuildPhase;
			buildActionMask = 2147483647;
			files = (
			);
			runOnlyForDeploymentPostprocessing = 0;
		};
		5F8B0227290BD9C0005CD842 /* Resources */ = {
			isa = PBXResourcesBuildPhase;
			buildActionMask = 2147483647;
			files = (
			);
			runOnlyForDeploymentPostprocessing = 0;
		};
/* End PBXResourcesBuildPhase section */

/* Begin PBXShellScriptBuildPhase section */
		0A21531150914ACA204FDB2C /* [CP] Embed Pods Frameworks */ = {
			isa = PBXShellScriptBuildPhase;
			buildActionMask = 2147483647;
			files = (
			);
			inputFileListPaths = (
				"${PODS_ROOT}/Target Support Files/Pods-Woosmap Location/Pods-Woosmap Location-frameworks-${CONFIGURATION}-input-files.xcfilelist",
			);
			name = "[CP] Embed Pods Frameworks";
			outputFileListPaths = (
				"${PODS_ROOT}/Target Support Files/Pods-Woosmap Location/Pods-Woosmap Location-frameworks-${CONFIGURATION}-output-files.xcfilelist",
			);
			runOnlyForDeploymentPostprocessing = 0;
			shellPath = /bin/sh;
			shellScript = "\"${PODS_ROOT}/Target Support Files/Pods-Woosmap Location/Pods-Woosmap Location-frameworks.sh\"\n";
			showEnvVarsInLog = 0;
		};
		168900EA1A155D54315BA217 /* [CP] Check Pods Manifest.lock */ = {
			isa = PBXShellScriptBuildPhase;
			buildActionMask = 2147483647;
			files = (
			);
			inputFileListPaths = (
			);
			inputPaths = (
				"${PODS_PODFILE_DIR_PATH}/Podfile.lock",
				"${PODS_ROOT}/Manifest.lock",
			);
			name = "[CP] Check Pods Manifest.lock";
			outputFileListPaths = (
			);
			outputPaths = (
				"$(DERIVED_FILE_DIR)/Pods-Woosmap Location-checkManifestLockResult.txt",
			);
			runOnlyForDeploymentPostprocessing = 0;
			shellPath = /bin/sh;
			shellScript = "diff \"${PODS_PODFILE_DIR_PATH}/Podfile.lock\" \"${PODS_ROOT}/Manifest.lock\" > /dev/null\nif [ $? != 0 ] ; then\n    # print error to STDERR\n    echo \"error: The sandbox is not in sync with the Podfile.lock. Run 'pod install' or update your CocoaPods installation.\" >&2\n    exit 1\nfi\n# This output is used by Xcode 'outputs' to avoid re-running this script phase.\necho \"SUCCESS\" > \"${SCRIPT_OUTPUT_FILE_0}\"\n";
			showEnvVarsInLog = 0;
		};
		B943A4440C7182D6DF2DD60B /* [CP] Check Pods Manifest.lock */ = {
			isa = PBXShellScriptBuildPhase;
			buildActionMask = 2147483647;
			files = (
			);
			inputFileListPaths = (
			);
			inputPaths = (
				"${PODS_PODFILE_DIR_PATH}/Podfile.lock",
				"${PODS_ROOT}/Manifest.lock",
			);
			name = "[CP] Check Pods Manifest.lock";
			outputFileListPaths = (
			);
			outputPaths = (
				"$(DERIVED_FILE_DIR)/Pods-WoosmapProvider-Apple-checkManifestLockResult.txt",
			);
			runOnlyForDeploymentPostprocessing = 0;
			shellPath = /bin/sh;
			shellScript = "diff \"${PODS_PODFILE_DIR_PATH}/Podfile.lock\" \"${PODS_ROOT}/Manifest.lock\" > /dev/null\nif [ $? != 0 ] ; then\n    # print error to STDERR\n    echo \"error: The sandbox is not in sync with the Podfile.lock. Run 'pod install' or update your CocoaPods installation.\" >&2\n    exit 1\nfi\n# This output is used by Xcode 'outputs' to avoid re-running this script phase.\necho \"SUCCESS\" > \"${SCRIPT_OUTPUT_FILE_0}\"\n";
			showEnvVarsInLog = 0;
		};
		D77DF8249213A14E6019AD49 /* [CP] Check Pods Manifest.lock */ = {
			isa = PBXShellScriptBuildPhase;
			buildActionMask = 2147483647;
			files = (
			);
			inputFileListPaths = (
			);
			inputPaths = (
				"${PODS_PODFILE_DIR_PATH}/Podfile.lock",
				"${PODS_ROOT}/Manifest.lock",
			);
			name = "[CP] Check Pods Manifest.lock";
			outputFileListPaths = (
			);
			outputPaths = (
				"$(DERIVED_FILE_DIR)/Pods-WoosmapProvider-Situm-checkManifestLockResult.txt",
			);
			runOnlyForDeploymentPostprocessing = 0;
			shellPath = /bin/sh;
			shellScript = "diff \"${PODS_PODFILE_DIR_PATH}/Podfile.lock\" \"${PODS_ROOT}/Manifest.lock\" > /dev/null\nif [ $? != 0 ] ; then\n    # print error to STDERR\n    echo \"error: The sandbox is not in sync with the Podfile.lock. Run 'pod install' or update your CocoaPods installation.\" >&2\n    exit 1\nfi\n# This output is used by Xcode 'outputs' to avoid re-running this script phase.\necho \"SUCCESS\" > \"${SCRIPT_OUTPUT_FILE_0}\"\n";
			showEnvVarsInLog = 0;
		};
/* End PBXShellScriptBuildPhase section */

/* Begin PBXSourcesBuildPhase section */
		5F561997290A52600007BFCB /* Sources */ = {
			isa = PBXSourcesBuildPhase;
			buildActionMask = 2147483647;
			files = (
				5F5619A3290A52600007BFCB /* ViewController.swift in Sources */,
				5F5619B3290A53230007BFCB /* WoosmapLocationManager.swift in Sources */,
				5F56199F290A52600007BFCB /* AppDelegate.swift in Sources */,
				5F5619A1290A52600007BFCB /* SceneDelegate.swift in Sources */,
			);
			runOnlyForDeploymentPostprocessing = 0;
		};
		5F5619B8290A67970007BFCB /* Sources */ = {
			isa = PBXSourcesBuildPhase;
			buildActionMask = 2147483647;
			files = (
				5F5619DA290A67E10007BFCB /* AppleLocationProvider.swift in Sources */,
				5F5619C0290A67970007BFCB /* WoosmapProvider_Apple.docc in Sources */,
			);
			runOnlyForDeploymentPostprocessing = 0;
		};
		5F8B0225290BD9C0005CD842 /* Sources */ = {
			isa = PBXSourcesBuildPhase;
			buildActionMask = 2147483647;
			files = (
				5F8B0239290BEBB2005CD842 /* LocationChecker.swift in Sources */,
				5F8B0237290BD9EC005CD842 /* SitumLocationProvider.swift in Sources */,
				5F8B022D290BD9C0005CD842 /* WoosmapProvider_Situm.docc in Sources */,
			);
			runOnlyForDeploymentPostprocessing = 0;
		};
/* End PBXSourcesBuildPhase section */

/* Begin PBXTargetDependency section */
		5F5619D0290A67980007BFCB /* PBXTargetDependency */ = {
			isa = PBXTargetDependency;
			target = 5F5619BB290A67970007BFCB /* WoosmapProvider-Apple */;
			targetProxy = 5F5619CF290A67980007BFCB /* PBXContainerItemProxy */;
		};
		5F8B0230290BD9C0005CD842 /* PBXTargetDependency */ = {
			isa = PBXTargetDependency;
			target = 5F8B0228290BD9C0005CD842 /* WoosmapProvider-Situm */;
			targetProxy = 5F8B022F290BD9C0005CD842 /* PBXContainerItemProxy */;
		};
/* End PBXTargetDependency section */

/* Begin PBXVariantGroup section */
		5F5619A4290A52600007BFCB /* Main.storyboard */ = {
			isa = PBXVariantGroup;
			children = (
				5F5619A5290A52600007BFCB /* Base */,
			);
			name = Main.storyboard;
			sourceTree = "<group>";
		};
		5F5619A9290A52610007BFCB /* LaunchScreen.storyboard */ = {
			isa = PBXVariantGroup;
			children = (
				5F5619AA290A52610007BFCB /* Base */,
			);
			name = LaunchScreen.storyboard;
			sourceTree = "<group>";
		};
/* End PBXVariantGroup section */

/* Begin XCBuildConfiguration section */
		5F5619AD290A52610007BFCB /* Debug */ = {
			isa = XCBuildConfiguration;
			buildSettings = {
				ALWAYS_SEARCH_USER_PATHS = NO;
				CLANG_ANALYZER_NONNULL = YES;
				CLANG_ANALYZER_NUMBER_OBJECT_CONVERSION = YES_AGGRESSIVE;
				CLANG_CXX_LANGUAGE_STANDARD = "gnu++20";
				CLANG_ENABLE_MODULES = YES;
				CLANG_ENABLE_OBJC_ARC = YES;
				CLANG_ENABLE_OBJC_WEAK = YES;
				CLANG_WARN_BLOCK_CAPTURE_AUTORELEASING = YES;
				CLANG_WARN_BOOL_CONVERSION = YES;
				CLANG_WARN_COMMA = YES;
				CLANG_WARN_CONSTANT_CONVERSION = YES;
				CLANG_WARN_DEPRECATED_OBJC_IMPLEMENTATIONS = YES;
				CLANG_WARN_DIRECT_OBJC_ISA_USAGE = YES_ERROR;
				CLANG_WARN_DOCUMENTATION_COMMENTS = YES;
				CLANG_WARN_EMPTY_BODY = YES;
				CLANG_WARN_ENUM_CONVERSION = YES;
				CLANG_WARN_INFINITE_RECURSION = YES;
				CLANG_WARN_INT_CONVERSION = YES;
				CLANG_WARN_NON_LITERAL_NULL_CONVERSION = YES;
				CLANG_WARN_OBJC_IMPLICIT_RETAIN_SELF = YES;
				CLANG_WARN_OBJC_LITERAL_CONVERSION = YES;
				CLANG_WARN_OBJC_ROOT_CLASS = YES_ERROR;
				CLANG_WARN_QUOTED_INCLUDE_IN_FRAMEWORK_HEADER = YES;
				CLANG_WARN_RANGE_LOOP_ANALYSIS = YES;
				CLANG_WARN_STRICT_PROTOTYPES = YES;
				CLANG_WARN_SUSPICIOUS_MOVE = YES;
				CLANG_WARN_UNGUARDED_AVAILABILITY = YES_AGGRESSIVE;
				CLANG_WARN_UNREACHABLE_CODE = YES;
				CLANG_WARN__DUPLICATE_METHOD_MATCH = YES;
				COPY_PHASE_STRIP = NO;
				DEBUG_INFORMATION_FORMAT = dwarf;
				ENABLE_STRICT_OBJC_MSGSEND = YES;
				ENABLE_TESTABILITY = YES;
				GCC_C_LANGUAGE_STANDARD = gnu11;
				GCC_DYNAMIC_NO_PIC = NO;
				GCC_NO_COMMON_BLOCKS = YES;
				GCC_OPTIMIZATION_LEVEL = 0;
				GCC_PREPROCESSOR_DEFINITIONS = (
					"DEBUG=1",
					"$(inherited)",
				);
				GCC_WARN_64_TO_32_BIT_CONVERSION = YES;
				GCC_WARN_ABOUT_RETURN_TYPE = YES_ERROR;
				GCC_WARN_UNDECLARED_SELECTOR = YES;
				GCC_WARN_UNINITIALIZED_AUTOS = YES_AGGRESSIVE;
				GCC_WARN_UNUSED_FUNCTION = YES;
				GCC_WARN_UNUSED_VARIABLE = YES;
				IPHONEOS_DEPLOYMENT_TARGET = 16.0;
				MTL_ENABLE_DEBUG_INFO = INCLUDE_SOURCE;
				MTL_FAST_MATH = YES;
				ONLY_ACTIVE_ARCH = YES;
				SDKROOT = iphoneos;
				SWIFT_ACTIVE_COMPILATION_CONDITIONS = DEBUG;
				SWIFT_OPTIMIZATION_LEVEL = "-Onone";
			};
			name = Debug;
		};
		5F5619AE290A52610007BFCB /* Release */ = {
			isa = XCBuildConfiguration;
			buildSettings = {
				ALWAYS_SEARCH_USER_PATHS = NO;
				CLANG_ANALYZER_NONNULL = YES;
				CLANG_ANALYZER_NUMBER_OBJECT_CONVERSION = YES_AGGRESSIVE;
				CLANG_CXX_LANGUAGE_STANDARD = "gnu++20";
				CLANG_ENABLE_MODULES = YES;
				CLANG_ENABLE_OBJC_ARC = YES;
				CLANG_ENABLE_OBJC_WEAK = YES;
				CLANG_WARN_BLOCK_CAPTURE_AUTORELEASING = YES;
				CLANG_WARN_BOOL_CONVERSION = YES;
				CLANG_WARN_COMMA = YES;
				CLANG_WARN_CONSTANT_CONVERSION = YES;
				CLANG_WARN_DEPRECATED_OBJC_IMPLEMENTATIONS = YES;
				CLANG_WARN_DIRECT_OBJC_ISA_USAGE = YES_ERROR;
				CLANG_WARN_DOCUMENTATION_COMMENTS = YES;
				CLANG_WARN_EMPTY_BODY = YES;
				CLANG_WARN_ENUM_CONVERSION = YES;
				CLANG_WARN_INFINITE_RECURSION = YES;
				CLANG_WARN_INT_CONVERSION = YES;
				CLANG_WARN_NON_LITERAL_NULL_CONVERSION = YES;
				CLANG_WARN_OBJC_IMPLICIT_RETAIN_SELF = YES;
				CLANG_WARN_OBJC_LITERAL_CONVERSION = YES;
				CLANG_WARN_OBJC_ROOT_CLASS = YES_ERROR;
				CLANG_WARN_QUOTED_INCLUDE_IN_FRAMEWORK_HEADER = YES;
				CLANG_WARN_RANGE_LOOP_ANALYSIS = YES;
				CLANG_WARN_STRICT_PROTOTYPES = YES;
				CLANG_WARN_SUSPICIOUS_MOVE = YES;
				CLANG_WARN_UNGUARDED_AVAILABILITY = YES_AGGRESSIVE;
				CLANG_WARN_UNREACHABLE_CODE = YES;
				CLANG_WARN__DUPLICATE_METHOD_MATCH = YES;
				COPY_PHASE_STRIP = NO;
				DEBUG_INFORMATION_FORMAT = "dwarf-with-dsym";
				ENABLE_NS_ASSERTIONS = NO;
				ENABLE_STRICT_OBJC_MSGSEND = YES;
				GCC_C_LANGUAGE_STANDARD = gnu11;
				GCC_NO_COMMON_BLOCKS = YES;
				GCC_WARN_64_TO_32_BIT_CONVERSION = YES;
				GCC_WARN_ABOUT_RETURN_TYPE = YES_ERROR;
				GCC_WARN_UNDECLARED_SELECTOR = YES;
				GCC_WARN_UNINITIALIZED_AUTOS = YES_AGGRESSIVE;
				GCC_WARN_UNUSED_FUNCTION = YES;
				GCC_WARN_UNUSED_VARIABLE = YES;
				IPHONEOS_DEPLOYMENT_TARGET = 16.0;
				MTL_ENABLE_DEBUG_INFO = NO;
				MTL_FAST_MATH = YES;
				SDKROOT = iphoneos;
				SWIFT_COMPILATION_MODE = wholemodule;
				SWIFT_OPTIMIZATION_LEVEL = "-O";
				VALIDATE_PRODUCT = YES;
			};
			name = Release;
		};
		5F5619B0290A52610007BFCB /* Debug */ = {
			isa = XCBuildConfiguration;
			baseConfigurationReference = 8A31FA047255ACA00348847A /* Pods-Woosmap Location.debug.xcconfig */;
			buildSettings = {
				ALWAYS_EMBED_SWIFT_STANDARD_LIBRARIES = YES;
				ASSETCATALOG_COMPILER_APPICON_NAME = AppIcon;
				ASSETCATALOG_COMPILER_GLOBAL_ACCENT_COLOR_NAME = AccentColor;
				CODE_SIGN_STYLE = Automatic;
				CURRENT_PROJECT_VERSION = 1;
				DEVELOPMENT_TEAM = 38H4FA3J9J;
				GENERATE_INFOPLIST_FILE = YES;
				INFOPLIST_FILE = "Woosmap Location/Info.plist";
				INFOPLIST_KEY_LSApplicationCategoryType = "public.app-category.developer-tools";
				INFOPLIST_KEY_NSLocationAlwaysAndWhenInUseUsageDescription = "Display Message Location Always and When In Use Usage Description";
				INFOPLIST_KEY_NSLocationTemporaryUsageDescriptionDictionary = "Display Message Location temporary Use Usage Description";
				INFOPLIST_KEY_NSLocationUsageDescription = "Display Message Location Always and When In Use Usage Description";
				INFOPLIST_KEY_NSLocationWhenInUseUsageDescription = "Display Message for Location When In Use Usage Description";
				INFOPLIST_KEY_UIApplicationSupportsIndirectInputEvents = YES;
				INFOPLIST_KEY_UILaunchStoryboardName = LaunchScreen;
				INFOPLIST_KEY_UIMainStoryboardFile = Main;
				INFOPLIST_KEY_UISupportedInterfaceOrientations_iPad = "UIInterfaceOrientationPortrait UIInterfaceOrientationPortraitUpsideDown UIInterfaceOrientationLandscapeLeft UIInterfaceOrientationLandscapeRight";
				INFOPLIST_KEY_UISupportedInterfaceOrientations_iPhone = "UIInterfaceOrientationPortrait UIInterfaceOrientationLandscapeLeft UIInterfaceOrientationLandscapeRight";
				IPHONEOS_DEPLOYMENT_TARGET = 13.0;
				LD_RUNPATH_SEARCH_PATHS = (
					"$(inherited)",
					"@executable_path/Frameworks",
				);
				MARKETING_VERSION = 1.0;
				PRODUCT_BUNDLE_IDENTIFIER = com.woosmap.spike.WoosmapLocation;
				PRODUCT_NAME = "$(TARGET_NAME)";
				SWIFT_EMIT_LOC_STRINGS = YES;
				SWIFT_VERSION = 5.0;
				TARGETED_DEVICE_FAMILY = "1,2";
			};
			name = Debug;
		};
		5F5619B1290A52610007BFCB /* Release */ = {
			isa = XCBuildConfiguration;
			baseConfigurationReference = CA5A9AD96F2EBF35153A0AA6 /* Pods-Woosmap Location.release.xcconfig */;
			buildSettings = {
				ALWAYS_EMBED_SWIFT_STANDARD_LIBRARIES = YES;
				ASSETCATALOG_COMPILER_APPICON_NAME = AppIcon;
				ASSETCATALOG_COMPILER_GLOBAL_ACCENT_COLOR_NAME = AccentColor;
				CODE_SIGN_STYLE = Automatic;
				CURRENT_PROJECT_VERSION = 1;
				DEVELOPMENT_TEAM = 38H4FA3J9J;
				GENERATE_INFOPLIST_FILE = YES;
				INFOPLIST_FILE = "Woosmap Location/Info.plist";
				INFOPLIST_KEY_LSApplicationCategoryType = "public.app-category.developer-tools";
				INFOPLIST_KEY_NSLocationAlwaysAndWhenInUseUsageDescription = "Display Message Location Always and When In Use Usage Description";
				INFOPLIST_KEY_NSLocationTemporaryUsageDescriptionDictionary = "Display Message Location temporary Use Usage Description";
				INFOPLIST_KEY_NSLocationUsageDescription = "Display Message Location Always and When In Use Usage Description";
				INFOPLIST_KEY_NSLocationWhenInUseUsageDescription = "Display Message for Location When In Use Usage Description";
				INFOPLIST_KEY_UIApplicationSupportsIndirectInputEvents = YES;
				INFOPLIST_KEY_UILaunchStoryboardName = LaunchScreen;
				INFOPLIST_KEY_UIMainStoryboardFile = Main;
				INFOPLIST_KEY_UISupportedInterfaceOrientations_iPad = "UIInterfaceOrientationPortrait UIInterfaceOrientationPortraitUpsideDown UIInterfaceOrientationLandscapeLeft UIInterfaceOrientationLandscapeRight";
				INFOPLIST_KEY_UISupportedInterfaceOrientations_iPhone = "UIInterfaceOrientationPortrait UIInterfaceOrientationLandscapeLeft UIInterfaceOrientationLandscapeRight";
				IPHONEOS_DEPLOYMENT_TARGET = 13.0;
				LD_RUNPATH_SEARCH_PATHS = (
					"$(inherited)",
					"@executable_path/Frameworks",
				);
				MARKETING_VERSION = 1.0;
				PRODUCT_BUNDLE_IDENTIFIER = com.woosmap.spike.WoosmapLocation;
				PRODUCT_NAME = "$(TARGET_NAME)";
				SWIFT_EMIT_LOC_STRINGS = YES;
				SWIFT_VERSION = 5.0;
				TARGETED_DEVICE_FAMILY = "1,2";
			};
			name = Release;
		};
		5F5619D4290A67980007BFCB /* Debug */ = {
			isa = XCBuildConfiguration;
			baseConfigurationReference = 711FA29264DEFFB2E1CB8664 /* Pods-WoosmapProvider-Apple.debug.xcconfig */;
			buildSettings = {
				CODE_SIGN_STYLE = Automatic;
				CURRENT_PROJECT_VERSION = 1;
				DEFINES_MODULE = YES;
				DEVELOPMENT_TEAM = 38H4FA3J9J;
				DYLIB_COMPATIBILITY_VERSION = 1;
				DYLIB_CURRENT_VERSION = 1;
				DYLIB_INSTALL_NAME_BASE = "@rpath";
				GENERATE_INFOPLIST_FILE = YES;
				INFOPLIST_KEY_NSHumanReadableCopyright = "";
				INSTALL_PATH = "$(LOCAL_LIBRARY_DIR)/Frameworks";
				IPHONEOS_DEPLOYMENT_TARGET = 13.0;
				LD_RUNPATH_SEARCH_PATHS = (
					"$(inherited)",
					"@executable_path/Frameworks",
					"@loader_path/Frameworks",
				);
				MARKETING_VERSION = 1.0;
				PRODUCT_BUNDLE_IDENTIFIER = "com.woosmap.spike.WoosmapProvider-Apple";
				PRODUCT_NAME = "$(TARGET_NAME:c99extidentifier)";
				SKIP_INSTALL = YES;
				SWIFT_EMIT_LOC_STRINGS = YES;
				SWIFT_VERSION = 5.0;
				TARGETED_DEVICE_FAMILY = "1,2";
				VERSIONING_SYSTEM = "apple-generic";
				VERSION_INFO_PREFIX = "";
			};
			name = Debug;
		};
		5F5619D5290A67980007BFCB /* Release */ = {
			isa = XCBuildConfiguration;
			baseConfigurationReference = 35BCB63BC6158E20DC163925 /* Pods-WoosmapProvider-Apple.release.xcconfig */;
			buildSettings = {
				CODE_SIGN_STYLE = Automatic;
				CURRENT_PROJECT_VERSION = 1;
				DEFINES_MODULE = YES;
				DEVELOPMENT_TEAM = 38H4FA3J9J;
				DYLIB_COMPATIBILITY_VERSION = 1;
				DYLIB_CURRENT_VERSION = 1;
				DYLIB_INSTALL_NAME_BASE = "@rpath";
				GENERATE_INFOPLIST_FILE = YES;
				INFOPLIST_KEY_NSHumanReadableCopyright = "";
				INSTALL_PATH = "$(LOCAL_LIBRARY_DIR)/Frameworks";
				IPHONEOS_DEPLOYMENT_TARGET = 13.0;
				LD_RUNPATH_SEARCH_PATHS = (
					"$(inherited)",
					"@executable_path/Frameworks",
					"@loader_path/Frameworks",
				);
				MARKETING_VERSION = 1.0;
				PRODUCT_BUNDLE_IDENTIFIER = "com.woosmap.spike.WoosmapProvider-Apple";
				PRODUCT_NAME = "$(TARGET_NAME:c99extidentifier)";
				SKIP_INSTALL = YES;
				SWIFT_EMIT_LOC_STRINGS = YES;
				SWIFT_VERSION = 5.0;
				TARGETED_DEVICE_FAMILY = "1,2";
				VERSIONING_SYSTEM = "apple-generic";
				VERSION_INFO_PREFIX = "";
			};
			name = Release;
		};
		5F8B0233290BD9C0005CD842 /* Debug */ = {
			isa = XCBuildConfiguration;
			baseConfigurationReference = 86EE2725AA52604605D24A8A /* Pods-WoosmapProvider-Situm.debug.xcconfig */;
			buildSettings = {
				CODE_SIGN_STYLE = Automatic;
				CURRENT_PROJECT_VERSION = 1;
				DEFINES_MODULE = YES;
				DEVELOPMENT_TEAM = 38H4FA3J9J;
				DYLIB_COMPATIBILITY_VERSION = 1;
				DYLIB_CURRENT_VERSION = 1;
				DYLIB_INSTALL_NAME_BASE = "@rpath";
				GENERATE_INFOPLIST_FILE = YES;
				INFOPLIST_KEY_NSHumanReadableCopyright = "";
				INSTALL_PATH = "$(LOCAL_LIBRARY_DIR)/Frameworks";
				IPHONEOS_DEPLOYMENT_TARGET = 13.0;
				LD_RUNPATH_SEARCH_PATHS = (
					"$(inherited)",
					"@executable_path/Frameworks",
					"@loader_path/Frameworks",
				);
				MARKETING_VERSION = 1.0;
				PRODUCT_BUNDLE_IDENTIFIER = "com.woosmap.spike.WoosmapProvider-Situm";
				PRODUCT_NAME = "$(TARGET_NAME:c99extidentifier)";
				SKIP_INSTALL = YES;
				SWIFT_EMIT_LOC_STRINGS = YES;
				SWIFT_VERSION = 5.0;
				TARGETED_DEVICE_FAMILY = "1,2";
				VERSIONING_SYSTEM = "apple-generic";
				VERSION_INFO_PREFIX = "";
			};
			name = Debug;
		};
		5F8B0234290BD9C0005CD842 /* Release */ = {
			isa = XCBuildConfiguration;
			baseConfigurationReference = 27B36A20B9B8F36FC8ED3F76 /* Pods-WoosmapProvider-Situm.release.xcconfig */;
			buildSettings = {
				CODE_SIGN_STYLE = Automatic;
				CURRENT_PROJECT_VERSION = 1;
				DEFINES_MODULE = YES;
				DEVELOPMENT_TEAM = 38H4FA3J9J;
				DYLIB_COMPATIBILITY_VERSION = 1;
				DYLIB_CURRENT_VERSION = 1;
				DYLIB_INSTALL_NAME_BASE = "@rpath";
				GENERATE_INFOPLIST_FILE = YES;
				INFOPLIST_KEY_NSHumanReadableCopyright = "";
				INSTALL_PATH = "$(LOCAL_LIBRARY_DIR)/Frameworks";
				IPHONEOS_DEPLOYMENT_TARGET = 13.0;
				LD_RUNPATH_SEARCH_PATHS = (
					"$(inherited)",
					"@executable_path/Frameworks",
					"@loader_path/Frameworks",
				);
				MARKETING_VERSION = 1.0;
				PRODUCT_BUNDLE_IDENTIFIER = "com.woosmap.spike.WoosmapProvider-Situm";
				PRODUCT_NAME = "$(TARGET_NAME:c99extidentifier)";
				SKIP_INSTALL = YES;
				SWIFT_EMIT_LOC_STRINGS = YES;
				SWIFT_VERSION = 5.0;
				TARGETED_DEVICE_FAMILY = "1,2";
				VERSIONING_SYSTEM = "apple-generic";
				VERSION_INFO_PREFIX = "";
			};
			name = Release;
		};
/* End XCBuildConfiguration section */

/* Begin XCConfigurationList section */
		5F561996290A52600007BFCB /* Build configuration list for PBXProject "Woosmap Location" */ = {
			isa = XCConfigurationList;
			buildConfigurations = (
				5F5619AD290A52610007BFCB /* Debug */,
				5F5619AE290A52610007BFCB /* Release */,
			);
			defaultConfigurationIsVisible = 0;
			defaultConfigurationName = Release;
		};
		5F5619AF290A52610007BFCB /* Build configuration list for PBXNativeTarget "Woosmap Location" */ = {
			isa = XCConfigurationList;
			buildConfigurations = (
				5F5619B0290A52610007BFCB /* Debug */,
				5F5619B1290A52610007BFCB /* Release */,
			);
			defaultConfigurationIsVisible = 0;
			defaultConfigurationName = Release;
		};
		5F5619D3290A67980007BFCB /* Build configuration list for PBXNativeTarget "WoosmapProvider-Apple" */ = {
			isa = XCConfigurationList;
			buildConfigurations = (
				5F5619D4290A67980007BFCB /* Debug */,
				5F5619D5290A67980007BFCB /* Release */,
			);
			defaultConfigurationIsVisible = 0;
			defaultConfigurationName = Release;
		};
		5F8B0235290BD9C0005CD842 /* Build configuration list for PBXNativeTarget "WoosmapProvider-Situm" */ = {
			isa = XCConfigurationList;
			buildConfigurations = (
				5F8B0233290BD9C0005CD842 /* Debug */,
				5F8B0234290BD9C0005CD842 /* Release */,
			);
			defaultConfigurationIsVisible = 0;
			defaultConfigurationName = Release;
		};
/* End XCConfigurationList section */
	};
	rootObject = 5F561993290A52600007BFCB /* Project object */;
}
